
Microsoft Visual Studio Solution File, Format Version 12.00
# Visual Studio Version 17
VisualStudioVersion = 17.5.33424.131
MinimumVisualStudioVersion = 10.0.40219.1
Project("{8BC9CEB8-8B4A-11D0-8D11-00A0C91BC942}") = "NumberToTextConverter", "NumberToTextConverter\NumberToTextConverter.vcxproj", "{9AFDECD3-2A8E-48C1-8479-85AA9CDE5A0F}"
EndProject
Project("{2150E333-8FDC-42A3-9474-1A3956D46DE8}") = "Chapter 6", "Chapter 6", "{33D8738B-55A5-479E-B455-AFDC2A7ACB8D}"
EndProject
Project("{2150E333-8FDC-42A3-9474-1A3956D46DE8}") = "Chapter 7", "Chapter 7", "{843F39B1-6355-413E-854C-A07B0493B991}"
EndProject
Project("{2150E333-8FDC-42A3-9474-1A3956D46DE8}") = "Chapter 8", "Chapter 8", "{F5AB0789-D0EC-4B68-9725-8421A5DBB326}"
EndProject
Project("{2150E333-8FDC-42A3-9474-1A3956D46DE8}") = "Chapter 9", "Chapter 9", "{31BAA501-7173-4CB1-922A-9B452EBB6A24}"
EndProject
Project("{2150E333-8FDC-42A3-9474-1A3956D46DE8}") = "Chapter 10", "Chapter 10", "{DC32BE2B-A0AB-469E-9A58-46354D0AEABB}"
EndProject
Project("{8BC9CEB8-8B4A-11D0-8D11-00A0C91BC942}") = "6.3.1", "6.3.1\6.3.1.vcxproj", "{836B191B-3EDA-4046-BDB5-13173D1949EF}"
EndProject
Project("{8BC9CEB8-8B4A-11D0-8D11-00A0C91BC942}") = "6.x.1", "6.x.1\6.x.1.vcxproj", "{8EE30198-013A-4615-8AF5-F98CC048B2E7}"
EndProject
Project("{8BC9CEB8-8B4A-11D0-8D11-00A0C91BC942}") = "6.x.2", "6.x.2\6.x.2.vcxproj", "{C1B987B1-0BA3-48EE-8B0F-B7A66B66AE32}"
EndProject
Project("{8BC9CEB8-8B4A-11D0-8D11-00A0C91BC942}") = "6.x.3", "6.x.3\6.x.3.vcxproj", "{5ACEDDCB-8DA8-4584-A7C6-50D38B5423F5}"
EndProject
Project("{8BC9CEB8-8B4A-11D0-8D11-00A0C91BC942}") = "7.5.1", "7.5.1\7.5.1.vcxproj", "{09044F3C-8464-4421-B9C2-42582D538837}"
EndProject
Project("{8BC9CEB8-8B4A-11D0-8D11-00A0C91BC942}") = "7.7.2", "7.7.2\7.7.2.vcxproj", "{B290B8AD-EE8D-4D71-9286-B59F9D26369A}"
EndProject
Project("{8BC9CEB8-8B4A-11D0-8D11-00A0C91BC942}") = "7.7.3", "7.7.3\7.7.3.vcxproj", "{1A67151C-5870-4C07-B004-FE3F282E22FF}"
EndProject
Project("{8BC9CEB8-8B4A-11D0-8D11-00A0C91BC942}") = "7.7.4", "7.7.4\7.7.4.vcxproj", "{E9622E3E-3D96-40A2-A4EE-73A1C6737EB9}"
EndProject
Project("{8BC9CEB8-8B4A-11D0-8D11-00A0C91BC942}") = "7.9.1", "7.9.1\7.9.1.vcxproj", "{C1A6F6EC-381F-433F-A7AE-EB44727B08C1}"
EndProject
Project("{8BC9CEB8-8B4A-11D0-8D11-00A0C91BC942}") = "7.9.2", "7.9.2\7.9.2.vcxproj", "{88F6DA06-D207-4F56-AA24-7BD0140A9D22}"
EndProject
Project("{8BC9CEB8-8B4A-11D0-8D11-00A0C91BC942}") = "7.x.1", "7.x.1\7.x.1.vcxproj", "{8FDE6672-D80F-418D-8B9B-3810CF9922D2}"
EndProject
Project("{8BC9CEB8-8B4A-11D0-8D11-00A0C91BC942}") = "7.x.2", "7.x.2\7.x.2.vcxproj", "{8C959F38-C0B6-4677-AA8E-D53D8C7AEA44}"
EndProject
Global
	GlobalSection(SolutionConfigurationPlatforms) = preSolution
		Debug|x64 = Debug|x64
		Debug|x86 = Debug|x86
		Release|x64 = Release|x64
		Release|x86 = Release|x86
	EndGlobalSection
	GlobalSection(ProjectConfigurationPlatforms) = postSolution
		{9AFDECD3-2A8E-48C1-8479-85AA9CDE5A0F}.Debug|x64.ActiveCfg = Debug|x64
		{9AFDECD3-2A8E-48C1-8479-85AA9CDE5A0F}.Debug|x64.Build.0 = Debug|x64
		{9AFDECD3-2A8E-48C1-8479-85AA9CDE5A0F}.Debug|x86.ActiveCfg = Debug|Win32
		{9AFDECD3-2A8E-48C1-8479-85AA9CDE5A0F}.Debug|x86.Build.0 = Debug|Win32
		{9AFDECD3-2A8E-48C1-8479-85AA9CDE5A0F}.Release|x64.ActiveCfg = Release|x64
		{9AFDECD3-2A8E-48C1-8479-85AA9CDE5A0F}.Release|x64.Build.0 = Release|x64
		{9AFDECD3-2A8E-48C1-8479-85AA9CDE5A0F}.Release|x86.ActiveCfg = Release|Win32
		{9AFDECD3-2A8E-48C1-8479-85AA9CDE5A0F}.Release|x86.Build.0 = Release|Win32
		{836B191B-3EDA-4046-BDB5-13173D1949EF}.Debug|x64.ActiveCfg = Debug|x64
		{836B191B-3EDA-4046-BDB5-13173D1949EF}.Debug|x64.Build.0 = Debug|x64
		{836B191B-3EDA-4046-BDB5-13173D1949EF}.Debug|x86.ActiveCfg = Debug|Win32
		{836B191B-3EDA-4046-BDB5-13173D1949EF}.Debug|x86.Build.0 = Debug|Win32
		{836B191B-3EDA-4046-BDB5-13173D1949EF}.Release|x64.ActiveCfg = Release|x64
		{836B191B-3EDA-4046-BDB5-13173D1949EF}.Release|x64.Build.0 = Release|x64
		{836B191B-3EDA-4046-BDB5-13173D1949EF}.Release|x86.ActiveCfg = Release|Win32
		{836B191B-3EDA-4046-BDB5-13173D1949EF}.Release|x86.Build.0 = Release|Win32
		{8EE30198-013A-4615-8AF5-F98CC048B2E7}.Debug|x64.ActiveCfg = Debug|x64
		{8EE30198-013A-4615-8AF5-F98CC048B2E7}.Debug|x64.Build.0 = Debug|x64
		{8EE30198-013A-4615-8AF5-F98CC048B2E7}.Debug|x86.ActiveCfg = Debug|Win32
		{8EE30198-013A-4615-8AF5-F98CC048B2E7}.Debug|x86.Build.0 = Debug|Win32
		{8EE30198-013A-4615-8AF5-F98CC048B2E7}.Release|x64.ActiveCfg = Release|x64
		{8EE30198-013A-4615-8AF5-F98CC048B2E7}.Release|x64.Build.0 = Release|x64
		{8EE30198-013A-4615-8AF5-F98CC048B2E7}.Release|x86.ActiveCfg = Release|Win32
		{8EE30198-013A-4615-8AF5-F98CC048B2E7}.Release|x86.Build.0 = Release|Win32
		{C1B987B1-0BA3-48EE-8B0F-B7A66B66AE32}.Debug|x64.ActiveCfg = Debug|x64
		{C1B987B1-0BA3-48EE-8B0F-B7A66B66AE32}.Debug|x64.Build.0 = Debug|x64
		{C1B987B1-0BA3-48EE-8B0F-B7A66B66AE32}.Debug|x86.ActiveCfg = Debug|Win32
		{C1B987B1-0BA3-48EE-8B0F-B7A66B66AE32}.Debug|x86.Build.0 = Debug|Win32
		{C1B987B1-0BA3-48EE-8B0F-B7A66B66AE32}.Release|x64.ActiveCfg = Release|x64
		{C1B987B1-0BA3-48EE-8B0F-B7A66B66AE32}.Release|x64.Build.0 = Release|x64
		{C1B987B1-0BA3-48EE-8B0F-B7A66B66AE32}.Release|x86.ActiveCfg = Release|Win32
		{C1B987B1-0BA3-48EE-8B0F-B7A66B66AE32}.Release|x86.Build.0 = Release|Win32
		{5ACEDDCB-8DA8-4584-A7C6-50D38B5423F5}.Debug|x64.ActiveCfg = Debug|x64
		{5ACEDDCB-8DA8-4584-A7C6-50D38B5423F5}.Debug|x64.Build.0 = Debug|x64
		{5ACEDDCB-8DA8-4584-A7C6-50D38B5423F5}.Debug|x86.ActiveCfg = Debug|Win32
		{5ACEDDCB-8DA8-4584-A7C6-50D38B5423F5}.Debug|x86.Build.0 = Debug|Win32
		{5ACEDDCB-8DA8-4584-A7C6-50D38B5423F5}.Release|x64.ActiveCfg = Release|x64
		{5ACEDDCB-8DA8-4584-A7C6-50D38B5423F5}.Release|x64.Build.0 = Release|x64
		{5ACEDDCB-8DA8-4584-A7C6-50D38B5423F5}.Release|x86.ActiveCfg = Release|Win32
		{5ACEDDCB-8DA8-4584-A7C6-50D38B5423F5}.Release|x86.Build.0 = Release|Win32
		{09044F3C-8464-4421-B9C2-42582D538837}.Debug|x64.ActiveCfg = Debug|x64
		{09044F3C-8464-4421-B9C2-42582D538837}.Debug|x64.Build.0 = Debug|x64
		{09044F3C-8464-4421-B9C2-42582D538837}.Debug|x86.ActiveCfg = Debug|Win32
		{09044F3C-8464-4421-B9C2-42582D538837}.Debug|x86.Build.0 = Debug|Win32
		{09044F3C-8464-4421-B9C2-42582D538837}.Release|x64.ActiveCfg = Release|x64
		{09044F3C-8464-4421-B9C2-42582D538837}.Release|x64.Build.0 = Release|x64
		{09044F3C-8464-4421-B9C2-42582D538837}.Release|x86.ActiveCfg = Release|Win32
		{09044F3C-8464-4421-B9C2-42582D538837}.Release|x86.Build.0 = Release|Win32
		{B290B8AD-EE8D-4D71-9286-B59F9D26369A}.Debug|x64.ActiveCfg = Debug|x64
		{B290B8AD-EE8D-4D71-9286-B59F9D26369A}.Debug|x64.Build.0 = Debug|x64
		{B290B8AD-EE8D-4D71-9286-B59F9D26369A}.Debug|x86.ActiveCfg = Debug|Win32
		{B290B8AD-EE8D-4D71-9286-B59F9D26369A}.Debug|x86.Build.0 = Debug|Win32
		{B290B8AD-EE8D-4D71-9286-B59F9D26369A}.Release|x64.ActiveCfg = Release|x64
		{B290B8AD-EE8D-4D71-9286-B59F9D26369A}.Release|x64.Build.0 = Release|x64
		{B290B8AD-EE8D-4D71-9286-B59F9D26369A}.Release|x86.ActiveCfg = Release|Win32
		{B290B8AD-EE8D-4D71-9286-B59F9D26369A}.Release|x86.Build.0 = Release|Win32
		{1A67151C-5870-4C07-B004-FE3F282E22FF}.Debug|x64.ActiveCfg = Debug|x64
		{1A67151C-5870-4C07-B004-FE3F282E22FF}.Debug|x64.Build.0 = Debug|x64
		{1A67151C-5870-4C07-B004-FE3F282E22FF}.Debug|x86.ActiveCfg = Debug|Win32
		{1A67151C-5870-4C07-B004-FE3F282E22FF}.Debug|x86.Build.0 = Debug|Win32
		{1A67151C-5870-4C07-B004-FE3F282E22FF}.Release|x64.ActiveCfg = Release|x64
		{1A67151C-5870-4C07-B004-FE3F282E22FF}.Release|x64.Build.0 = Release|x64
		{1A67151C-5870-4C07-B004-FE3F282E22FF}.Release|x86.ActiveCfg = Release|Win32
		{1A67151C-5870-4C07-B004-FE3F282E22FF}.Release|x86.Build.0 = Release|Win32
		{E9622E3E-3D96-40A2-A4EE-73A1C6737EB9}.Debug|x64.ActiveCfg = Debug|x64
		{E9622E3E-3D96-40A2-A4EE-73A1C6737EB9}.Debug|x64.Build.0 = Debug|x64
		{E9622E3E-3D96-40A2-A4EE-73A1C6737EB9}.Debug|x86.ActiveCfg = Debug|Win32
		{E9622E3E-3D96-40A2-A4EE-73A1C6737EB9}.Debug|x86.Build.0 = Debug|Win32
		{E9622E3E-3D96-40A2-A4EE-73A1C6737EB9}.Release|x64.ActiveCfg = Release|x64
		{E9622E3E-3D96-40A2-A4EE-73A1C6737EB9}.Release|x64.Build.0 = Release|x64
		{E9622E3E-3D96-40A2-A4EE-73A1C6737EB9}.Release|x86.ActiveCfg = Release|Win32
		{E9622E3E-3D96-40A2-A4EE-73A1C6737EB9}.Release|x86.Build.0 = Release|Win32
		{C1A6F6EC-381F-433F-A7AE-EB44727B08C1}.Debug|x64.ActiveCfg = Debug|x64
		{C1A6F6EC-381F-433F-A7AE-EB44727B08C1}.Debug|x64.Build.0 = Debug|x64
		{C1A6F6EC-381F-433F-A7AE-EB44727B08C1}.Debug|x86.ActiveCfg = Debug|Win32
		{C1A6F6EC-381F-433F-A7AE-EB44727B08C1}.Debug|x86.Build.0 = Debug|Win32
		{C1A6F6EC-381F-433F-A7AE-EB44727B08C1}.Release|x64.ActiveCfg = Release|x64
		{C1A6F6EC-381F-433F-A7AE-EB44727B08C1}.Release|x64.Build.0 = Release|x64
		{C1A6F6EC-381F-433F-A7AE-EB44727B08C1}.Release|x86.ActiveCfg = Release|Win32
		{C1A6F6EC-381F-433F-A7AE-EB44727B08C1}.Release|x86.Build.0 = Release|Win32
		{88F6DA06-D207-4F56-AA24-7BD0140A9D22}.Debug|x64.ActiveCfg = Debug|x64
		{88F6DA06-D207-4F56-AA24-7BD0140A9D22}.Debug|x64.Build.0 = Debug|x64
		{88F6DA06-D207-4F56-AA24-7BD0140A9D22}.Debug|x86.ActiveCfg = Debug|Win32
		{88F6DA06-D207-4F56-AA24-7BD0140A9D22}.Debug|x86.Build.0 = Debug|Win32
		{88F6DA06-D207-4F56-AA24-7BD0140A9D22}.Release|x64.ActiveCfg = Release|x64
		{88F6DA06-D207-4F56-AA24-7BD0140A9D22}.Release|x64.Build.0 = Release|x64
		{88F6DA06-D207-4F56-AA24-7BD0140A9D22}.Release|x86.ActiveCfg = Release|Win32
		{88F6DA06-D207-4F56-AA24-7BD0140A9D22}.Release|x86.Build.0 = Release|Win32
		{8FDE6672-D80F-418D-8B9B-3810CF9922D2}.Debug|x64.ActiveCfg = Debug|x64
		{8FDE6672-D80F-418D-8B9B-3810CF9922D2}.Debug|x64.Build.0 = Debug|x64
		{8FDE6672-D80F-418D-8B9B-3810CF9922D2}.Debug|x86.ActiveCfg = Debug|Win32
		{8FDE6672-D80F-418D-8B9B-3810CF9922D2}.Debug|x86.Build.0 = Debug|Win32
		{8FDE6672-D80F-418D-8B9B-3810CF9922D2}.Release|x64.ActiveCfg = Release|x64
		{8FDE6672-D80F-418D-8B9B-3810CF9922D2}.Release|x64.Build.0 = Release|x64
		{8FDE6672-D80F-418D-8B9B-3810CF9922D2}.Release|x86.ActiveCfg = Release|Win32
		{8FDE6672-D80F-418D-8B9B-3810CF9922D2}.Release|x86.Build.0 = Release|Win32
		{8C959F38-C0B6-4677-AA8E-D53D8C7AEA44}.Debug|x64.ActiveCfg = Debug|x64
		{8C959F38-C0B6-4677-AA8E-D53D8C7AEA44}.Debug|x64.Build.0 = Debug|x64
		{8C959F38-C0B6-4677-AA8E-D53D8C7AEA44}.Debug|x86.ActiveCfg = Debug|Win32
		{8C959F38-C0B6-4677-AA8E-D53D8C7AEA44}.Debug|x86.Build.0 = Debug|Win32
		{8C959F38-C0B6-4677-AA8E-D53D8C7AEA44}.Release|x64.ActiveCfg = Release|x64
		{8C959F38-C0B6-4677-AA8E-D53D8C7AEA44}.Release|x64.Build.0 = Release|x64
		{8C959F38-C0B6-4677-AA8E-D53D8C7AEA44}.Release|x86.ActiveCfg = Release|Win32
		{8C959F38-C0B6-4677-AA8E-D53D8C7AEA44}.Release|x86.Build.0 = Release|Win32
	EndGlobalSection
	GlobalSection(SolutionProperties) = preSolution
		HideSolutionNode = FALSE
	EndGlobalSection
	GlobalSection(NestedProjects) = preSolution
		{836B191B-3EDA-4046-BDB5-13173D1949EF} = {33D8738B-55A5-479E-B455-AFDC2A7ACB8D}
		{8EE30198-013A-4615-8AF5-F98CC048B2E7} = {33D8738B-55A5-479E-B455-AFDC2A7ACB8D}
		{C1B987B1-0BA3-48EE-8B0F-B7A66B66AE32} = {33D8738B-55A5-479E-B455-AFDC2A7ACB8D}
		{5ACEDDCB-8DA8-4584-A7C6-50D38B5423F5} = {33D8738B-55A5-479E-B455-AFDC2A7ACB8D}
		{09044F3C-8464-4421-B9C2-42582D538837} = {843F39B1-6355-413E-854C-A07B0493B991}
		{B290B8AD-EE8D-4D71-9286-B59F9D26369A} = {843F39B1-6355-413E-854C-A07B0493B991}
		{1A67151C-5870-4C07-B004-FE3F282E22FF} = {843F39B1-6355-413E-854C-A07B0493B991}
		{E9622E3E-3D96-40A2-A4EE-73A1C6737EB9} = {843F39B1-6355-413E-854C-A07B0493B991}
		{C1A6F6EC-381F-433F-A7AE-EB44727B08C1} = {843F39B1-6355-413E-854C-A07B0493B991}
		{88F6DA06-D207-4F56-AA24-7BD0140A9D22} = {843F39B1-6355-413E-854C-A07B0493B991}
		{8FDE6672-D80F-418D-8B9B-3810CF9922D2} = {843F39B1-6355-413E-854C-A07B0493B991}
		{8C959F38-C0B6-4677-AA8E-D53D8C7AEA44} = {843F39B1-6355-413E-854C-A07B0493B991}
	EndGlobalSection
	GlobalSection(ExtensibilityGlobals) = postSolution
		SolutionGuid = {BC7BE9BC-6F53-47FC-B0F2-EEBE2E40AE39}
	EndGlobalSection
EndGlobal
