
Microsoft Visual Studio Solution File, Format Version 12.00
# Visual Studio Version 17
VisualStudioVersion = 17.5.33424.131
MinimumVisualStudioVersion = 10.0.40219.1
Project("{8BC9CEB8-8B4A-11D0-8D11-00A0C91BC942}") = "NumberToTextConverter", "NumberToTextConverter\NumberToTextConverter.vcxproj", "{9AFDECD3-2A8E-48C1-8479-85AA9CDE5A0F}"
EndProject
Project("{2150E333-8FDC-42A3-9474-1A3956D46DE8}") = "Chapter 6", "Chapter 6", "{33D8738B-55A5-479E-B455-AFDC2A7ACB8D}"
EndProject
Project("{2150E333-8FDC-42A3-9474-1A3956D46DE8}") = "Chapter 7", "Chapter 7", "{843F39B1-6355-413E-854C-A07B0493B991}"
EndProject
Project("{2150E333-8FDC-42A3-9474-1A3956D46DE8}") = "Chapter 8", "Chapter 8", "{F5AB0789-D0EC-4B68-9725-8421A5DBB326}"
EndProject
Project("{2150E333-8FDC-42A3-9474-1A3956D46DE8}") = "Chapter 9", "Chapter 9", "{31BAA501-7173-4CB1-922A-9B452EBB6A24}"
EndProject
Project("{2150E333-8FDC-42A3-9474-1A3956D46DE8}") = "Chapter 10", "Chapter 10", "{DC32BE2B-A0AB-469E-9A58-46354D0AEABB}"
EndProject
Project("{8BC9CEB8-8B4A-11D0-8D11-00A0C91BC942}") = "6.3.1", "6.3.1\6.3.1.vcxproj", "{836B191B-3EDA-4046-BDB5-13173D1949EF}"
EndProject
Project("{8BC9CEB8-8B4A-11D0-8D11-00A0C91BC942}") = "6.x.1", "6.x.1\6.x.1.vcxproj", "{8EE30198-013A-4615-8AF5-F98CC048B2E7}"
EndProject
Project("{8BC9CEB8-8B4A-11D0-8D11-00A0C91BC942}") = "6.x.2", "6.x.2\6.x.2.vcxproj", "{C1B987B1-0BA3-48EE-8B0F-B7A66B66AE32}"
EndProject
Project("{8BC9CEB8-8B4A-11D0-8D11-00A0C91BC942}") = "6.x.3", "6.x.3\6.x.3.vcxproj", "{5ACEDDCB-8DA8-4584-A7C6-50D38B5423F5}"
EndProject
Project("{8BC9CEB8-8B4A-11D0-8D11-00A0C91BC942}") = "7.5.1", "7.5.1\7.5.1.vcxproj", "{09044F3C-8464-4421-B9C2-42582D538837}"
EndProject
Project("{8BC9CEB8-8B4A-11D0-8D11-00A0C91BC942}") = "7.7.2", "7.7.2\7.7.2.vcxproj", "{B290B8AD-EE8D-4D71-9286-B59F9D26369A}"
EndProject
Project("{8BC9CEB8-8B4A-11D0-8D11-00A0C91BC942}") = "7.7.3", "7.7.3\7.7.3.vcxproj", "{1A67151C-5870-4C07-B004-FE3F282E22FF}"
EndProject
Project("{8BC9CEB8-8B4A-11D0-8D11-00A0C91BC942}") = "7.7.4", "7.7.4\7.7.4.vcxproj", "{E9622E3E-3D96-40A2-A4EE-73A1C6737EB9}"
EndProject
Project("{8BC9CEB8-8B4A-11D0-8D11-00A0C91BC942}") = "7.9.1", "7.9.1\7.9.1.vcxproj", "{C1A6F6EC-381F-433F-A7AE-EB44727B08C1}"
EndProject
Project("{8BC9CEB8-8B4A-11D0-8D11-00A0C91BC942}") = "7.9.2", "7.9.2\7.9.2.vcxproj", "{88F6DA06-D207-4F56-AA24-7BD0140A9D22}"
EndProject
Project("{8BC9CEB8-8B4A-11D0-8D11-00A0C91BC942}") = "7.x.1", "7.x.1\7.x.1.vcxproj", "{8FDE6672-D80F-418D-8B9B-3810CF9922D2}"
EndProject
Project("{8BC9CEB8-8B4A-11D0-8D11-00A0C91BC942}") = "7.x.2", "7.x.2\7.x.2.vcxproj", "{8C959F38-C0B6-4677-AA8E-D53D8C7AEA44}"
EndProject
Project("{8BC9CEB8-8B4A-11D0-8D11-00A0C91BC942}") = "Unit_Test_A", "Unit_Test_A\Unit_Test_A.vcxproj", "{082BFA89-CA48-4981-A23F-EF3B97596809}"
EndProject
Project("{2150E333-8FDC-42A3-9474-1A3956D46DE8}") = "Chapter 5", "Chapter 5", "{C6FDACDA-19DC-403E-AD25-5D8B82700CBB}"
EndProject
Project("{2150E333-8FDC-42A3-9474-1A3956D46DE8}") = "Chapter 4", "Chapter 4", "{6D6A2EE6-0E95-405F-8A75-EC6085AA8CB3}"
EndProject
Project("{2150E333-8FDC-42A3-9474-1A3956D46DE8}") = "Chapter 3", "Chapter 3", "{5780E89F-7BD8-42A4-AAF8-1B9EBE4036C3}"
EndProject
Project("{2150E333-8FDC-42A3-9474-1A3956D46DE8}") = "Chapter 2", "Chapter 2", "{EDB393B1-DED2-4563-9553-F3FF1323D2C4}"
EndProject
Project("{2150E333-8FDC-42A3-9474-1A3956D46DE8}") = "Chapter 1", "Chapter 1", "{D9765CD3-32F6-4DED-BB11-5396E14D8400}"
EndProject
Project("{2150E333-8FDC-42A3-9474-1A3956D46DE8}") = "Chapter 11", "Chapter 11", "{6596E432-2C58-4224-88BA-D2DA1F9759B5}"
EndProject
Project("{2150E333-8FDC-42A3-9474-1A3956D46DE8}") = "Chapter 12", "Chapter 12", "{FC537D87-8208-4833-ADA1-424F0AB0953D}"
EndProject
Project("{8BC9CEB8-8B4A-11D0-8D11-00A0C91BC942}") = "1.11.1", "1.11.1\1.11.1.vcxproj", "{A4625CA9-B42D-4DAA-A939-4C0F9B2C39EF}"
EndProject
Project("{8BC9CEB8-8B4A-11D0-8D11-00A0C91BC942}") = "1.x.3", "1.x.3\1.x.3.vcxproj", "{E3A109E7-7595-441D-80AE-E79206C20275}"
EndProject
Project("{8BC9CEB8-8B4A-11D0-8D11-00A0C91BC942}") = "2.3.4-5", "2.3.4-5\2.3.4-5.vcxproj", "{FF1D38A6-2AA7-4813-9638-79174AA471ED}"
EndProject
Project("{8BC9CEB8-8B4A-11D0-8D11-00A0C91BC942}") = "2.7.1", "2.7.1\2.7.1.vcxproj", "{7EA2FCAC-AD01-42C8-BD0B-C5B789B319E2}"
EndProject
Project("{8BC9CEB8-8B4A-11D0-8D11-00A0C91BC942}") = "2.x.1", "2.x.1\2.x.1.vcxproj", "{127FEA8F-490C-4C3F-8281-CED2AD5BF257}"
EndProject
Project("{8BC9CEB8-8B4A-11D0-8D11-00A0C91BC942}") = "2.x.2", "2.x.2\2.x.2.vcxproj", "{DA87CCDA-8011-4321-84FC-06CAE51DE6D0}"
EndProject
Project("{8BC9CEB8-8B4A-11D0-8D11-00A0C91BC942}") = "2.x.3", "2.x.3\2.x.3.vcxproj", "{3B3023CD-8D5A-48A9-AC56-B239612A5055}"
EndProject
Project("{8BC9CEB8-8B4A-11D0-8D11-00A0C91BC942}") = "3.x.1", "3.x.1\3.x.1.vcxproj", "{8590BCF7-34BE-4E50-8A61-DD2E8215168A}"
EndProject
Project("{8BC9CEB8-8B4A-11D0-8D11-00A0C91BC942}") = "3.x.2", "3.x.2\3.x.2.vcxproj", "{7C473EFB-C9E0-4C5C-AC51-38A3A5FDEC17}"
EndProject
Project("{8BC9CEB8-8B4A-11D0-8D11-00A0C91BC942}") = "4.12.1", "4.12.1\4.12.1.vcxproj", "{FC8E10C5-65AB-4538-A073-D83BBDAFDA5C}"
EndProject
Project("{8BC9CEB8-8B4A-11D0-8D11-00A0C91BC942}") = "4.x.3", "4.x.3\4.x.3.vcxproj", "{099DB6EF-5C02-4221-AA3C-3F01AEC4FE2A}"
EndProject
Project("{8BC9CEB8-8B4A-11D0-8D11-00A0C91BC942}") = "4.x.4", "4.x.4\4.x.4.vcxproj", "{07E8C509-3225-4697-87AC-61ADE4E075AD}"
EndProject
Project("{8BC9CEB8-8B4A-11D0-8D11-00A0C91BC942}") = "4.x.5", "4.x.5\4.x.5.vcxproj", "{D0A5CE85-4CBC-4E27-AFF5-56D002A7E011}"
EndProject
Project("{8BC9CEB8-8B4A-11D0-8D11-00A0C91BC942}") = "5.3.2", "5.3.2\5.3.2.vcxproj", "{87ADD756-E8AC-4E5D-8D90-CF7D21C3B58D}"
EndProject
Project("{8BC9CEB8-8B4A-11D0-8D11-00A0C91BC942}") = "8.x.2", "8.x.2\8.x.2.vcxproj", "{8E4ACD09-BE5B-4D6E-9681-8DFC0F016312}"
EndProject
Project("{8BC9CEB8-8B4A-11D0-8D11-00A0C91BC942}") = "8.x.5", "8.x.5\8.x.5.vcxproj", "{60DE08EB-A236-46C3-8534-0483069FC481}"
EndProject
Project("{8BC9CEB8-8B4A-11D0-8D11-00A0C91BC942}") = "8.x.6", "8.x.6\8.x.6.vcxproj", "{1ACCDF01-96A8-4EA9-BAC8-70442C3B5EA6}"
EndProject
Project("{8BC9CEB8-8B4A-11D0-8D11-00A0C91BC942}") = "8.x.7", "8.x.7\8.x.7.vcxproj", "{698A44CD-AC7A-4416-9A94-F6D664A422C7}"
EndProject
Project("{8BC9CEB8-8B4A-11D0-8D11-00A0C91BC942}") = "9.4.1", "9.4.1\9.4.1.vcxproj", "{8FD86291-9D33-4238-9AAC-1D28B1E35A0A}"
EndProject
Project("{8BC9CEB8-8B4A-11D0-8D11-00A0C91BC942}") = "9.4.2", "9.4.2\9.4.2.vcxproj", "{9F2EC93B-78BE-4A9D-B6C1-BCFDBFE99889}"
EndProject
Project("{8BC9CEB8-8B4A-11D0-8D11-00A0C91BC942}") = "9.x.1", "9.x.1\9.x.1.vcxproj", "{8BF8C6C7-9CBC-4E30-B0EC-EDEE973FFFFC}"
EndProject
Project("{8BC9CEB8-8B4A-11D0-8D11-00A0C91BC942}") = "10.2.2", "10.2.2\10.2.2.vcxproj", "{1F608935-4454-4777-9E8A-B1CE30700E02}"
EndProject
Project("{8BC9CEB8-8B4A-11D0-8D11-00A0C91BC942}") = "10.3.1", "10.3.1\10.3.1.vcxproj", "{1CC4C3FD-0C76-4270-AA75-AA77D2EACD7E}"
EndProject
Project("{8BC9CEB8-8B4A-11D0-8D11-00A0C91BC942}") = "10.3.2", "10.3.2\10.3.2.vcxproj", "{4781AE6A-363E-44A5-AA7E-81C8B3BF8540}"
EndProject
Project("{8BC9CEB8-8B4A-11D0-8D11-00A0C91BC942}") = "10.3.3", "10.3.3\10.3.3.vcxproj", "{6F8414F1-09FD-4346-9719-11E9A7DD3CE5}"
EndProject
Project("{8BC9CEB8-8B4A-11D0-8D11-00A0C91BC942}") = "10.4.2", "10.4.2\10.4.2.vcxproj", "{9D2421B6-BB64-4F5A-958F-46D06A0E2D4C}"
EndProject
Project("{8BC9CEB8-8B4A-11D0-8D11-00A0C91BC942}") = "10.4.3", "10.4.3\10.4.3.vcxproj", "{FC3D2243-F211-48B5-9D76-607A34E627C5}"
EndProject
Project("{8BC9CEB8-8B4A-11D0-8D11-00A0C91BC942}") = "10.4.4", "10.4.4\10.4.4.vcxproj", "{4D10B951-75E7-4D1E-8C27-F42FDBF489BF}"
EndProject
Project("{8BC9CEB8-8B4A-11D0-8D11-00A0C91BC942}") = "10.11.2", "10.11.2\10.11.2.vcxproj", "{7F0955A1-5886-4521-8C47-369DD3709059}"
EndProject
Project("{8BC9CEB8-8B4A-11D0-8D11-00A0C91BC942}") = "10.14.1", "10.14.1\10.14.1.vcxproj", "{2B43A2C1-B3FE-4CB4-BC44-325391599173}"
EndProject
Project("{8BC9CEB8-8B4A-11D0-8D11-00A0C91BC942}") = "10.19.1", "10.19.1\10.19.1.vcxproj", "{98DC9A37-9BAB-4966-83AB-5F1DD7459665}"
EndProject
Project("{8BC9CEB8-8B4A-11D0-8D11-00A0C91BC942}") = "10.x.1", "10.x.1\10.x.1.vcxproj", "{DE8A3775-F809-42EC-BB64-E0C04C7641A6}"
EndProject
Project("{8BC9CEB8-8B4A-11D0-8D11-00A0C91BC942}") = "10.x.2", "10.x.2\10.x.2.vcxproj", "{B9BB2D0B-CA33-4EA7-86F3-FE0C43C73F30}"
EndProject
Project("{8BC9CEB8-8B4A-11D0-8D11-00A0C91BC942}") = "10.x.3", "10.x.3\10.x.3.vcxproj", "{ECF3B3C3-C847-4E33-8A4D-946FE80A2150}"
EndProject
Project("{8BC9CEB8-8B4A-11D0-8D11-00A0C91BC942}") = "10.x.4", "10.x.4\10.x.4.vcxproj", "{E301C4AE-BA18-4D1C-A16E-2360A72EBDC6}"
EndProject
Project("{8BC9CEB8-8B4A-11D0-8D11-00A0C91BC942}") = "10.x.6", "10.x.5\10.x.5.vcxproj", "{557F4523-6AC0-4965-BF73-3647BDD007F0}"
EndProject
Project("{8BC9CEB8-8B4A-11D0-8D11-00A0C91BC942}") = "10.x.7", "10.x.7\10.x.7.vcxproj", "{D29B7BE4-8EBD-4615-A8DB-902D5F9BC4A1}"
EndProject
Project("{8BC9CEB8-8B4A-11D0-8D11-00A0C91BC942}") = "11.7.1", "11.7.1\11.7.1.vcxproj", "{E8A10726-1877-4C29-B4C7-41058A959FCC}"
EndProject
Project("{8BC9CEB8-8B4A-11D0-8D11-00A0C91BC942}") = "TestingField", "TestingField\TestingField.vcxproj", "{56451AF1-1AB9-462E-B378-57AEB2007DC4}"
EndProject
Project("{8BC9CEB8-8B4A-11D0-8D11-00A0C91BC942}") = "Prototype_3", "Prototype_3\Prototype_3.vcxproj", "{82B2C8C6-DCD2-463D-9ADC-D7899D36153B}"
EndProject
Project("{8BC9CEB8-8B4A-11D0-8D11-00A0C91BC942}") = "Prototype_4", "Prototype_4\Prototype_4.vcxproj", "{2CFCA6A6-761F-439B-BC8F-1B943DEF7316}"
EndProject
Global
	GlobalSection(SolutionConfigurationPlatforms) = preSolution
		Debug|x64 = Debug|x64
		Debug|x86 = Debug|x86
		Release|x64 = Release|x64
		Release|x86 = Release|x86
	EndGlobalSection
	GlobalSection(ProjectConfigurationPlatforms) = postSolution
		{9AFDECD3-2A8E-48C1-8479-85AA9CDE5A0F}.Debug|x64.ActiveCfg = Debug|x64
		{9AFDECD3-2A8E-48C1-8479-85AA9CDE5A0F}.Debug|x64.Build.0 = Debug|x64
		{9AFDECD3-2A8E-48C1-8479-85AA9CDE5A0F}.Debug|x86.ActiveCfg = Debug|Win32
		{9AFDECD3-2A8E-48C1-8479-85AA9CDE5A0F}.Debug|x86.Build.0 = Debug|Win32
		{9AFDECD3-2A8E-48C1-8479-85AA9CDE5A0F}.Release|x64.ActiveCfg = Release|x64
		{9AFDECD3-2A8E-48C1-8479-85AA9CDE5A0F}.Release|x64.Build.0 = Release|x64
		{9AFDECD3-2A8E-48C1-8479-85AA9CDE5A0F}.Release|x86.ActiveCfg = Release|Win32
		{9AFDECD3-2A8E-48C1-8479-85AA9CDE5A0F}.Release|x86.Build.0 = Release|Win32
		{836B191B-3EDA-4046-BDB5-13173D1949EF}.Debug|x64.ActiveCfg = Debug|x64
		{836B191B-3EDA-4046-BDB5-13173D1949EF}.Debug|x64.Build.0 = Debug|x64
		{836B191B-3EDA-4046-BDB5-13173D1949EF}.Debug|x86.ActiveCfg = Debug|Win32
		{836B191B-3EDA-4046-BDB5-13173D1949EF}.Debug|x86.Build.0 = Debug|Win32
		{836B191B-3EDA-4046-BDB5-13173D1949EF}.Release|x64.ActiveCfg = Release|x64
		{836B191B-3EDA-4046-BDB5-13173D1949EF}.Release|x64.Build.0 = Release|x64
		{836B191B-3EDA-4046-BDB5-13173D1949EF}.Release|x86.ActiveCfg = Release|Win32
		{836B191B-3EDA-4046-BDB5-13173D1949EF}.Release|x86.Build.0 = Release|Win32
		{8EE30198-013A-4615-8AF5-F98CC048B2E7}.Debug|x64.ActiveCfg = Debug|x64
		{8EE30198-013A-4615-8AF5-F98CC048B2E7}.Debug|x64.Build.0 = Debug|x64
		{8EE30198-013A-4615-8AF5-F98CC048B2E7}.Debug|x86.ActiveCfg = Debug|Win32
		{8EE30198-013A-4615-8AF5-F98CC048B2E7}.Debug|x86.Build.0 = Debug|Win32
		{8EE30198-013A-4615-8AF5-F98CC048B2E7}.Release|x64.ActiveCfg = Release|x64
		{8EE30198-013A-4615-8AF5-F98CC048B2E7}.Release|x64.Build.0 = Release|x64
		{8EE30198-013A-4615-8AF5-F98CC048B2E7}.Release|x86.ActiveCfg = Release|Win32
		{8EE30198-013A-4615-8AF5-F98CC048B2E7}.Release|x86.Build.0 = Release|Win32
		{C1B987B1-0BA3-48EE-8B0F-B7A66B66AE32}.Debug|x64.ActiveCfg = Debug|x64
		{C1B987B1-0BA3-48EE-8B0F-B7A66B66AE32}.Debug|x64.Build.0 = Debug|x64
		{C1B987B1-0BA3-48EE-8B0F-B7A66B66AE32}.Debug|x86.ActiveCfg = Debug|Win32
		{C1B987B1-0BA3-48EE-8B0F-B7A66B66AE32}.Debug|x86.Build.0 = Debug|Win32
		{C1B987B1-0BA3-48EE-8B0F-B7A66B66AE32}.Release|x64.ActiveCfg = Release|x64
		{C1B987B1-0BA3-48EE-8B0F-B7A66B66AE32}.Release|x64.Build.0 = Release|x64
		{C1B987B1-0BA3-48EE-8B0F-B7A66B66AE32}.Release|x86.ActiveCfg = Release|Win32
		{C1B987B1-0BA3-48EE-8B0F-B7A66B66AE32}.Release|x86.Build.0 = Release|Win32
		{5ACEDDCB-8DA8-4584-A7C6-50D38B5423F5}.Debug|x64.ActiveCfg = Debug|x64
		{5ACEDDCB-8DA8-4584-A7C6-50D38B5423F5}.Debug|x64.Build.0 = Debug|x64
		{5ACEDDCB-8DA8-4584-A7C6-50D38B5423F5}.Debug|x86.ActiveCfg = Debug|Win32
		{5ACEDDCB-8DA8-4584-A7C6-50D38B5423F5}.Debug|x86.Build.0 = Debug|Win32
		{5ACEDDCB-8DA8-4584-A7C6-50D38B5423F5}.Release|x64.ActiveCfg = Release|x64
		{5ACEDDCB-8DA8-4584-A7C6-50D38B5423F5}.Release|x64.Build.0 = Release|x64
		{5ACEDDCB-8DA8-4584-A7C6-50D38B5423F5}.Release|x86.ActiveCfg = Release|Win32
		{5ACEDDCB-8DA8-4584-A7C6-50D38B5423F5}.Release|x86.Build.0 = Release|Win32
		{09044F3C-8464-4421-B9C2-42582D538837}.Debug|x64.ActiveCfg = Debug|x64
		{09044F3C-8464-4421-B9C2-42582D538837}.Debug|x64.Build.0 = Debug|x64
		{09044F3C-8464-4421-B9C2-42582D538837}.Debug|x86.ActiveCfg = Debug|Win32
		{09044F3C-8464-4421-B9C2-42582D538837}.Debug|x86.Build.0 = Debug|Win32
		{09044F3C-8464-4421-B9C2-42582D538837}.Release|x64.ActiveCfg = Release|x64
		{09044F3C-8464-4421-B9C2-42582D538837}.Release|x64.Build.0 = Release|x64
		{09044F3C-8464-4421-B9C2-42582D538837}.Release|x86.ActiveCfg = Release|Win32
		{09044F3C-8464-4421-B9C2-42582D538837}.Release|x86.Build.0 = Release|Win32
		{B290B8AD-EE8D-4D71-9286-B59F9D26369A}.Debug|x64.ActiveCfg = Debug|x64
		{B290B8AD-EE8D-4D71-9286-B59F9D26369A}.Debug|x64.Build.0 = Debug|x64
		{B290B8AD-EE8D-4D71-9286-B59F9D26369A}.Debug|x86.ActiveCfg = Debug|Win32
		{B290B8AD-EE8D-4D71-9286-B59F9D26369A}.Debug|x86.Build.0 = Debug|Win32
		{B290B8AD-EE8D-4D71-9286-B59F9D26369A}.Release|x64.ActiveCfg = Release|x64
		{B290B8AD-EE8D-4D71-9286-B59F9D26369A}.Release|x64.Build.0 = Release|x64
		{B290B8AD-EE8D-4D71-9286-B59F9D26369A}.Release|x86.ActiveCfg = Release|Win32
		{B290B8AD-EE8D-4D71-9286-B59F9D26369A}.Release|x86.Build.0 = Release|Win32
		{1A67151C-5870-4C07-B004-FE3F282E22FF}.Debug|x64.ActiveCfg = Debug|x64
		{1A67151C-5870-4C07-B004-FE3F282E22FF}.Debug|x64.Build.0 = Debug|x64
		{1A67151C-5870-4C07-B004-FE3F282E22FF}.Debug|x86.ActiveCfg = Debug|Win32
		{1A67151C-5870-4C07-B004-FE3F282E22FF}.Debug|x86.Build.0 = Debug|Win32
		{1A67151C-5870-4C07-B004-FE3F282E22FF}.Release|x64.ActiveCfg = Release|x64
		{1A67151C-5870-4C07-B004-FE3F282E22FF}.Release|x64.Build.0 = Release|x64
		{1A67151C-5870-4C07-B004-FE3F282E22FF}.Release|x86.ActiveCfg = Release|Win32
		{1A67151C-5870-4C07-B004-FE3F282E22FF}.Release|x86.Build.0 = Release|Win32
		{E9622E3E-3D96-40A2-A4EE-73A1C6737EB9}.Debug|x64.ActiveCfg = Debug|x64
		{E9622E3E-3D96-40A2-A4EE-73A1C6737EB9}.Debug|x64.Build.0 = Debug|x64
		{E9622E3E-3D96-40A2-A4EE-73A1C6737EB9}.Debug|x86.ActiveCfg = Debug|Win32
		{E9622E3E-3D96-40A2-A4EE-73A1C6737EB9}.Debug|x86.Build.0 = Debug|Win32
		{E9622E3E-3D96-40A2-A4EE-73A1C6737EB9}.Release|x64.ActiveCfg = Release|x64
		{E9622E3E-3D96-40A2-A4EE-73A1C6737EB9}.Release|x64.Build.0 = Release|x64
		{E9622E3E-3D96-40A2-A4EE-73A1C6737EB9}.Release|x86.ActiveCfg = Release|Win32
		{E9622E3E-3D96-40A2-A4EE-73A1C6737EB9}.Release|x86.Build.0 = Release|Win32
		{C1A6F6EC-381F-433F-A7AE-EB44727B08C1}.Debug|x64.ActiveCfg = Debug|x64
		{C1A6F6EC-381F-433F-A7AE-EB44727B08C1}.Debug|x64.Build.0 = Debug|x64
		{C1A6F6EC-381F-433F-A7AE-EB44727B08C1}.Debug|x86.ActiveCfg = Debug|Win32
		{C1A6F6EC-381F-433F-A7AE-EB44727B08C1}.Debug|x86.Build.0 = Debug|Win32
		{C1A6F6EC-381F-433F-A7AE-EB44727B08C1}.Release|x64.ActiveCfg = Release|x64
		{C1A6F6EC-381F-433F-A7AE-EB44727B08C1}.Release|x64.Build.0 = Release|x64
		{C1A6F6EC-381F-433F-A7AE-EB44727B08C1}.Release|x86.ActiveCfg = Release|Win32
		{C1A6F6EC-381F-433F-A7AE-EB44727B08C1}.Release|x86.Build.0 = Release|Win32
		{88F6DA06-D207-4F56-AA24-7BD0140A9D22}.Debug|x64.ActiveCfg = Debug|x64
		{88F6DA06-D207-4F56-AA24-7BD0140A9D22}.Debug|x64.Build.0 = Debug|x64
		{88F6DA06-D207-4F56-AA24-7BD0140A9D22}.Debug|x86.ActiveCfg = Debug|Win32
		{88F6DA06-D207-4F56-AA24-7BD0140A9D22}.Debug|x86.Build.0 = Debug|Win32
		{88F6DA06-D207-4F56-AA24-7BD0140A9D22}.Release|x64.ActiveCfg = Release|x64
		{88F6DA06-D207-4F56-AA24-7BD0140A9D22}.Release|x64.Build.0 = Release|x64
		{88F6DA06-D207-4F56-AA24-7BD0140A9D22}.Release|x86.ActiveCfg = Release|Win32
		{88F6DA06-D207-4F56-AA24-7BD0140A9D22}.Release|x86.Build.0 = Release|Win32
		{8FDE6672-D80F-418D-8B9B-3810CF9922D2}.Debug|x64.ActiveCfg = Debug|x64
		{8FDE6672-D80F-418D-8B9B-3810CF9922D2}.Debug|x64.Build.0 = Debug|x64
		{8FDE6672-D80F-418D-8B9B-3810CF9922D2}.Debug|x86.ActiveCfg = Debug|Win32
		{8FDE6672-D80F-418D-8B9B-3810CF9922D2}.Debug|x86.Build.0 = Debug|Win32
		{8FDE6672-D80F-418D-8B9B-3810CF9922D2}.Release|x64.ActiveCfg = Release|x64
		{8FDE6672-D80F-418D-8B9B-3810CF9922D2}.Release|x64.Build.0 = Release|x64
		{8FDE6672-D80F-418D-8B9B-3810CF9922D2}.Release|x86.ActiveCfg = Release|Win32
		{8FDE6672-D80F-418D-8B9B-3810CF9922D2}.Release|x86.Build.0 = Release|Win32
		{8C959F38-C0B6-4677-AA8E-D53D8C7AEA44}.Debug|x64.ActiveCfg = Debug|x64
		{8C959F38-C0B6-4677-AA8E-D53D8C7AEA44}.Debug|x64.Build.0 = Debug|x64
		{8C959F38-C0B6-4677-AA8E-D53D8C7AEA44}.Debug|x86.ActiveCfg = Debug|Win32
		{8C959F38-C0B6-4677-AA8E-D53D8C7AEA44}.Debug|x86.Build.0 = Debug|Win32
		{8C959F38-C0B6-4677-AA8E-D53D8C7AEA44}.Release|x64.ActiveCfg = Release|x64
		{8C959F38-C0B6-4677-AA8E-D53D8C7AEA44}.Release|x64.Build.0 = Release|x64
		{8C959F38-C0B6-4677-AA8E-D53D8C7AEA44}.Release|x86.ActiveCfg = Release|Win32
		{8C959F38-C0B6-4677-AA8E-D53D8C7AEA44}.Release|x86.Build.0 = Release|Win32
		{082BFA89-CA48-4981-A23F-EF3B97596809}.Debug|x64.ActiveCfg = Debug|x64
		{082BFA89-CA48-4981-A23F-EF3B97596809}.Debug|x64.Build.0 = Debug|x64
		{082BFA89-CA48-4981-A23F-EF3B97596809}.Debug|x86.ActiveCfg = Debug|Win32
		{082BFA89-CA48-4981-A23F-EF3B97596809}.Debug|x86.Build.0 = Debug|Win32
		{082BFA89-CA48-4981-A23F-EF3B97596809}.Release|x64.ActiveCfg = Release|x64
		{082BFA89-CA48-4981-A23F-EF3B97596809}.Release|x64.Build.0 = Release|x64
		{082BFA89-CA48-4981-A23F-EF3B97596809}.Release|x86.ActiveCfg = Release|Win32
		{082BFA89-CA48-4981-A23F-EF3B97596809}.Release|x86.Build.0 = Release|Win32
		{A4625CA9-B42D-4DAA-A939-4C0F9B2C39EF}.Debug|x64.ActiveCfg = Debug|x64
		{A4625CA9-B42D-4DAA-A939-4C0F9B2C39EF}.Debug|x64.Build.0 = Debug|x64
		{A4625CA9-B42D-4DAA-A939-4C0F9B2C39EF}.Debug|x86.ActiveCfg = Debug|Win32
		{A4625CA9-B42D-4DAA-A939-4C0F9B2C39EF}.Debug|x86.Build.0 = Debug|Win32
		{A4625CA9-B42D-4DAA-A939-4C0F9B2C39EF}.Release|x64.ActiveCfg = Release|x64
		{A4625CA9-B42D-4DAA-A939-4C0F9B2C39EF}.Release|x64.Build.0 = Release|x64
		{A4625CA9-B42D-4DAA-A939-4C0F9B2C39EF}.Release|x86.ActiveCfg = Release|Win32
		{A4625CA9-B42D-4DAA-A939-4C0F9B2C39EF}.Release|x86.Build.0 = Release|Win32
		{E3A109E7-7595-441D-80AE-E79206C20275}.Debug|x64.ActiveCfg = Debug|x64
		{E3A109E7-7595-441D-80AE-E79206C20275}.Debug|x64.Build.0 = Debug|x64
		{E3A109E7-7595-441D-80AE-E79206C20275}.Debug|x86.ActiveCfg = Debug|Win32
		{E3A109E7-7595-441D-80AE-E79206C20275}.Debug|x86.Build.0 = Debug|Win32
		{E3A109E7-7595-441D-80AE-E79206C20275}.Release|x64.ActiveCfg = Release|x64
		{E3A109E7-7595-441D-80AE-E79206C20275}.Release|x64.Build.0 = Release|x64
		{E3A109E7-7595-441D-80AE-E79206C20275}.Release|x86.ActiveCfg = Release|Win32
		{E3A109E7-7595-441D-80AE-E79206C20275}.Release|x86.Build.0 = Release|Win32
		{FF1D38A6-2AA7-4813-9638-79174AA471ED}.Debug|x64.ActiveCfg = Debug|x64
		{FF1D38A6-2AA7-4813-9638-79174AA471ED}.Debug|x64.Build.0 = Debug|x64
		{FF1D38A6-2AA7-4813-9638-79174AA471ED}.Debug|x86.ActiveCfg = Debug|Win32
		{FF1D38A6-2AA7-4813-9638-79174AA471ED}.Debug|x86.Build.0 = Debug|Win32
		{FF1D38A6-2AA7-4813-9638-79174AA471ED}.Release|x64.ActiveCfg = Release|x64
		{FF1D38A6-2AA7-4813-9638-79174AA471ED}.Release|x64.Build.0 = Release|x64
		{FF1D38A6-2AA7-4813-9638-79174AA471ED}.Release|x86.ActiveCfg = Release|Win32
		{FF1D38A6-2AA7-4813-9638-79174AA471ED}.Release|x86.Build.0 = Release|Win32
		{7EA2FCAC-AD01-42C8-BD0B-C5B789B319E2}.Debug|x64.ActiveCfg = Debug|x64
		{7EA2FCAC-AD01-42C8-BD0B-C5B789B319E2}.Debug|x64.Build.0 = Debug|x64
		{7EA2FCAC-AD01-42C8-BD0B-C5B789B319E2}.Debug|x86.ActiveCfg = Debug|Win32
		{7EA2FCAC-AD01-42C8-BD0B-C5B789B319E2}.Debug|x86.Build.0 = Debug|Win32
		{7EA2FCAC-AD01-42C8-BD0B-C5B789B319E2}.Release|x64.ActiveCfg = Release|x64
		{7EA2FCAC-AD01-42C8-BD0B-C5B789B319E2}.Release|x64.Build.0 = Release|x64
		{7EA2FCAC-AD01-42C8-BD0B-C5B789B319E2}.Release|x86.ActiveCfg = Release|Win32
		{7EA2FCAC-AD01-42C8-BD0B-C5B789B319E2}.Release|x86.Build.0 = Release|Win32
		{127FEA8F-490C-4C3F-8281-CED2AD5BF257}.Debug|x64.ActiveCfg = Debug|x64
		{127FEA8F-490C-4C3F-8281-CED2AD5BF257}.Debug|x64.Build.0 = Debug|x64
		{127FEA8F-490C-4C3F-8281-CED2AD5BF257}.Debug|x86.ActiveCfg = Debug|Win32
		{127FEA8F-490C-4C3F-8281-CED2AD5BF257}.Debug|x86.Build.0 = Debug|Win32
		{127FEA8F-490C-4C3F-8281-CED2AD5BF257}.Release|x64.ActiveCfg = Release|x64
		{127FEA8F-490C-4C3F-8281-CED2AD5BF257}.Release|x64.Build.0 = Release|x64
		{127FEA8F-490C-4C3F-8281-CED2AD5BF257}.Release|x86.ActiveCfg = Release|Win32
		{127FEA8F-490C-4C3F-8281-CED2AD5BF257}.Release|x86.Build.0 = Release|Win32
		{DA87CCDA-8011-4321-84FC-06CAE51DE6D0}.Debug|x64.ActiveCfg = Debug|x64
		{DA87CCDA-8011-4321-84FC-06CAE51DE6D0}.Debug|x64.Build.0 = Debug|x64
		{DA87CCDA-8011-4321-84FC-06CAE51DE6D0}.Debug|x86.ActiveCfg = Debug|Win32
		{DA87CCDA-8011-4321-84FC-06CAE51DE6D0}.Debug|x86.Build.0 = Debug|Win32
		{DA87CCDA-8011-4321-84FC-06CAE51DE6D0}.Release|x64.ActiveCfg = Release|x64
		{DA87CCDA-8011-4321-84FC-06CAE51DE6D0}.Release|x64.Build.0 = Release|x64
		{DA87CCDA-8011-4321-84FC-06CAE51DE6D0}.Release|x86.ActiveCfg = Release|Win32
		{DA87CCDA-8011-4321-84FC-06CAE51DE6D0}.Release|x86.Build.0 = Release|Win32
		{3B3023CD-8D5A-48A9-AC56-B239612A5055}.Debug|x64.ActiveCfg = Debug|x64
		{3B3023CD-8D5A-48A9-AC56-B239612A5055}.Debug|x64.Build.0 = Debug|x64
		{3B3023CD-8D5A-48A9-AC56-B239612A5055}.Debug|x86.ActiveCfg = Debug|Win32
		{3B3023CD-8D5A-48A9-AC56-B239612A5055}.Debug|x86.Build.0 = Debug|Win32
		{3B3023CD-8D5A-48A9-AC56-B239612A5055}.Release|x64.ActiveCfg = Release|x64
		{3B3023CD-8D5A-48A9-AC56-B239612A5055}.Release|x64.Build.0 = Release|x64
		{3B3023CD-8D5A-48A9-AC56-B239612A5055}.Release|x86.ActiveCfg = Release|Win32
		{3B3023CD-8D5A-48A9-AC56-B239612A5055}.Release|x86.Build.0 = Release|Win32
		{8590BCF7-34BE-4E50-8A61-DD2E8215168A}.Debug|x64.ActiveCfg = Debug|x64
		{8590BCF7-34BE-4E50-8A61-DD2E8215168A}.Debug|x64.Build.0 = Debug|x64
		{8590BCF7-34BE-4E50-8A61-DD2E8215168A}.Debug|x86.ActiveCfg = Debug|Win32
		{8590BCF7-34BE-4E50-8A61-DD2E8215168A}.Debug|x86.Build.0 = Debug|Win32
		{8590BCF7-34BE-4E50-8A61-DD2E8215168A}.Release|x64.ActiveCfg = Release|x64
		{8590BCF7-34BE-4E50-8A61-DD2E8215168A}.Release|x64.Build.0 = Release|x64
		{8590BCF7-34BE-4E50-8A61-DD2E8215168A}.Release|x86.ActiveCfg = Release|Win32
		{8590BCF7-34BE-4E50-8A61-DD2E8215168A}.Release|x86.Build.0 = Release|Win32
		{7C473EFB-C9E0-4C5C-AC51-38A3A5FDEC17}.Debug|x64.ActiveCfg = Debug|x64
		{7C473EFB-C9E0-4C5C-AC51-38A3A5FDEC17}.Debug|x64.Build.0 = Debug|x64
		{7C473EFB-C9E0-4C5C-AC51-38A3A5FDEC17}.Debug|x86.ActiveCfg = Debug|Win32
		{7C473EFB-C9E0-4C5C-AC51-38A3A5FDEC17}.Debug|x86.Build.0 = Debug|Win32
		{7C473EFB-C9E0-4C5C-AC51-38A3A5FDEC17}.Release|x64.ActiveCfg = Release|x64
		{7C473EFB-C9E0-4C5C-AC51-38A3A5FDEC17}.Release|x64.Build.0 = Release|x64
		{7C473EFB-C9E0-4C5C-AC51-38A3A5FDEC17}.Release|x86.ActiveCfg = Release|Win32
		{7C473EFB-C9E0-4C5C-AC51-38A3A5FDEC17}.Release|x86.Build.0 = Release|Win32
		{FC8E10C5-65AB-4538-A073-D83BBDAFDA5C}.Debug|x64.ActiveCfg = Debug|x64
		{FC8E10C5-65AB-4538-A073-D83BBDAFDA5C}.Debug|x64.Build.0 = Debug|x64
		{FC8E10C5-65AB-4538-A073-D83BBDAFDA5C}.Debug|x86.ActiveCfg = Debug|Win32
		{FC8E10C5-65AB-4538-A073-D83BBDAFDA5C}.Debug|x86.Build.0 = Debug|Win32
		{FC8E10C5-65AB-4538-A073-D83BBDAFDA5C}.Release|x64.ActiveCfg = Release|x64
		{FC8E10C5-65AB-4538-A073-D83BBDAFDA5C}.Release|x64.Build.0 = Release|x64
		{FC8E10C5-65AB-4538-A073-D83BBDAFDA5C}.Release|x86.ActiveCfg = Release|Win32
		{FC8E10C5-65AB-4538-A073-D83BBDAFDA5C}.Release|x86.Build.0 = Release|Win32
		{099DB6EF-5C02-4221-AA3C-3F01AEC4FE2A}.Debug|x64.ActiveCfg = Debug|x64
		{099DB6EF-5C02-4221-AA3C-3F01AEC4FE2A}.Debug|x64.Build.0 = Debug|x64
		{099DB6EF-5C02-4221-AA3C-3F01AEC4FE2A}.Debug|x86.ActiveCfg = Debug|Win32
		{099DB6EF-5C02-4221-AA3C-3F01AEC4FE2A}.Debug|x86.Build.0 = Debug|Win32
		{099DB6EF-5C02-4221-AA3C-3F01AEC4FE2A}.Release|x64.ActiveCfg = Release|x64
		{099DB6EF-5C02-4221-AA3C-3F01AEC4FE2A}.Release|x64.Build.0 = Release|x64
		{099DB6EF-5C02-4221-AA3C-3F01AEC4FE2A}.Release|x86.ActiveCfg = Release|Win32
		{099DB6EF-5C02-4221-AA3C-3F01AEC4FE2A}.Release|x86.Build.0 = Release|Win32
		{07E8C509-3225-4697-87AC-61ADE4E075AD}.Debug|x64.ActiveCfg = Debug|x64
		{07E8C509-3225-4697-87AC-61ADE4E075AD}.Debug|x64.Build.0 = Debug|x64
		{07E8C509-3225-4697-87AC-61ADE4E075AD}.Debug|x86.ActiveCfg = Debug|Win32
		{07E8C509-3225-4697-87AC-61ADE4E075AD}.Debug|x86.Build.0 = Debug|Win32
		{07E8C509-3225-4697-87AC-61ADE4E075AD}.Release|x64.ActiveCfg = Release|x64
		{07E8C509-3225-4697-87AC-61ADE4E075AD}.Release|x64.Build.0 = Release|x64
		{07E8C509-3225-4697-87AC-61ADE4E075AD}.Release|x86.ActiveCfg = Release|Win32
		{07E8C509-3225-4697-87AC-61ADE4E075AD}.Release|x86.Build.0 = Release|Win32
		{D0A5CE85-4CBC-4E27-AFF5-56D002A7E011}.Debug|x64.ActiveCfg = Debug|x64
		{D0A5CE85-4CBC-4E27-AFF5-56D002A7E011}.Debug|x64.Build.0 = Debug|x64
		{D0A5CE85-4CBC-4E27-AFF5-56D002A7E011}.Debug|x86.ActiveCfg = Debug|Win32
		{D0A5CE85-4CBC-4E27-AFF5-56D002A7E011}.Debug|x86.Build.0 = Debug|Win32
		{D0A5CE85-4CBC-4E27-AFF5-56D002A7E011}.Release|x64.ActiveCfg = Release|x64
		{D0A5CE85-4CBC-4E27-AFF5-56D002A7E011}.Release|x64.Build.0 = Release|x64
		{D0A5CE85-4CBC-4E27-AFF5-56D002A7E011}.Release|x86.ActiveCfg = Release|Win32
		{D0A5CE85-4CBC-4E27-AFF5-56D002A7E011}.Release|x86.Build.0 = Release|Win32
		{87ADD756-E8AC-4E5D-8D90-CF7D21C3B58D}.Debug|x64.ActiveCfg = Debug|x64
		{87ADD756-E8AC-4E5D-8D90-CF7D21C3B58D}.Debug|x64.Build.0 = Debug|x64
		{87ADD756-E8AC-4E5D-8D90-CF7D21C3B58D}.Debug|x86.ActiveCfg = Debug|Win32
		{87ADD756-E8AC-4E5D-8D90-CF7D21C3B58D}.Debug|x86.Build.0 = Debug|Win32
		{87ADD756-E8AC-4E5D-8D90-CF7D21C3B58D}.Release|x64.ActiveCfg = Release|x64
		{87ADD756-E8AC-4E5D-8D90-CF7D21C3B58D}.Release|x64.Build.0 = Release|x64
		{87ADD756-E8AC-4E5D-8D90-CF7D21C3B58D}.Release|x86.ActiveCfg = Release|Win32
		{87ADD756-E8AC-4E5D-8D90-CF7D21C3B58D}.Release|x86.Build.0 = Release|Win32
		{8E4ACD09-BE5B-4D6E-9681-8DFC0F016312}.Debug|x64.ActiveCfg = Debug|x64
		{8E4ACD09-BE5B-4D6E-9681-8DFC0F016312}.Debug|x64.Build.0 = Debug|x64
		{8E4ACD09-BE5B-4D6E-9681-8DFC0F016312}.Debug|x86.ActiveCfg = Debug|Win32
		{8E4ACD09-BE5B-4D6E-9681-8DFC0F016312}.Debug|x86.Build.0 = Debug|Win32
		{8E4ACD09-BE5B-4D6E-9681-8DFC0F016312}.Release|x64.ActiveCfg = Release|x64
		{8E4ACD09-BE5B-4D6E-9681-8DFC0F016312}.Release|x64.Build.0 = Release|x64
		{8E4ACD09-BE5B-4D6E-9681-8DFC0F016312}.Release|x86.ActiveCfg = Release|Win32
		{8E4ACD09-BE5B-4D6E-9681-8DFC0F016312}.Release|x86.Build.0 = Release|Win32
		{60DE08EB-A236-46C3-8534-0483069FC481}.Debug|x64.ActiveCfg = Debug|x64
		{60DE08EB-A236-46C3-8534-0483069FC481}.Debug|x64.Build.0 = Debug|x64
		{60DE08EB-A236-46C3-8534-0483069FC481}.Debug|x86.ActiveCfg = Debug|Win32
		{60DE08EB-A236-46C3-8534-0483069FC481}.Debug|x86.Build.0 = Debug|Win32
		{60DE08EB-A236-46C3-8534-0483069FC481}.Release|x64.ActiveCfg = Release|x64
		{60DE08EB-A236-46C3-8534-0483069FC481}.Release|x64.Build.0 = Release|x64
		{60DE08EB-A236-46C3-8534-0483069FC481}.Release|x86.ActiveCfg = Release|Win32
		{60DE08EB-A236-46C3-8534-0483069FC481}.Release|x86.Build.0 = Release|Win32
		{1ACCDF01-96A8-4EA9-BAC8-70442C3B5EA6}.Debug|x64.ActiveCfg = Debug|x64
		{1ACCDF01-96A8-4EA9-BAC8-70442C3B5EA6}.Debug|x64.Build.0 = Debug|x64
		{1ACCDF01-96A8-4EA9-BAC8-70442C3B5EA6}.Debug|x86.ActiveCfg = Debug|Win32
		{1ACCDF01-96A8-4EA9-BAC8-70442C3B5EA6}.Debug|x86.Build.0 = Debug|Win32
		{1ACCDF01-96A8-4EA9-BAC8-70442C3B5EA6}.Release|x64.ActiveCfg = Release|x64
		{1ACCDF01-96A8-4EA9-BAC8-70442C3B5EA6}.Release|x64.Build.0 = Release|x64
		{1ACCDF01-96A8-4EA9-BAC8-70442C3B5EA6}.Release|x86.ActiveCfg = Release|Win32
		{1ACCDF01-96A8-4EA9-BAC8-70442C3B5EA6}.Release|x86.Build.0 = Release|Win32
		{698A44CD-AC7A-4416-9A94-F6D664A422C7}.Debug|x64.ActiveCfg = Debug|x64
		{698A44CD-AC7A-4416-9A94-F6D664A422C7}.Debug|x64.Build.0 = Debug|x64
		{698A44CD-AC7A-4416-9A94-F6D664A422C7}.Debug|x86.ActiveCfg = Debug|Win32
		{698A44CD-AC7A-4416-9A94-F6D664A422C7}.Debug|x86.Build.0 = Debug|Win32
		{698A44CD-AC7A-4416-9A94-F6D664A422C7}.Release|x64.ActiveCfg = Release|x64
		{698A44CD-AC7A-4416-9A94-F6D664A422C7}.Release|x64.Build.0 = Release|x64
		{698A44CD-AC7A-4416-9A94-F6D664A422C7}.Release|x86.ActiveCfg = Release|Win32
		{698A44CD-AC7A-4416-9A94-F6D664A422C7}.Release|x86.Build.0 = Release|Win32
		{8FD86291-9D33-4238-9AAC-1D28B1E35A0A}.Debug|x64.ActiveCfg = Debug|x64
		{8FD86291-9D33-4238-9AAC-1D28B1E35A0A}.Debug|x64.Build.0 = Debug|x64
		{8FD86291-9D33-4238-9AAC-1D28B1E35A0A}.Debug|x86.ActiveCfg = Debug|Win32
		{8FD86291-9D33-4238-9AAC-1D28B1E35A0A}.Debug|x86.Build.0 = Debug|Win32
		{8FD86291-9D33-4238-9AAC-1D28B1E35A0A}.Release|x64.ActiveCfg = Release|x64
		{8FD86291-9D33-4238-9AAC-1D28B1E35A0A}.Release|x64.Build.0 = Release|x64
		{8FD86291-9D33-4238-9AAC-1D28B1E35A0A}.Release|x86.ActiveCfg = Release|Win32
		{8FD86291-9D33-4238-9AAC-1D28B1E35A0A}.Release|x86.Build.0 = Release|Win32
		{9F2EC93B-78BE-4A9D-B6C1-BCFDBFE99889}.Debug|x64.ActiveCfg = Debug|x64
		{9F2EC93B-78BE-4A9D-B6C1-BCFDBFE99889}.Debug|x64.Build.0 = Debug|x64
		{9F2EC93B-78BE-4A9D-B6C1-BCFDBFE99889}.Debug|x86.ActiveCfg = Debug|Win32
		{9F2EC93B-78BE-4A9D-B6C1-BCFDBFE99889}.Debug|x86.Build.0 = Debug|Win32
		{9F2EC93B-78BE-4A9D-B6C1-BCFDBFE99889}.Release|x64.ActiveCfg = Release|x64
		{9F2EC93B-78BE-4A9D-B6C1-BCFDBFE99889}.Release|x64.Build.0 = Release|x64
		{9F2EC93B-78BE-4A9D-B6C1-BCFDBFE99889}.Release|x86.ActiveCfg = Release|Win32
		{9F2EC93B-78BE-4A9D-B6C1-BCFDBFE99889}.Release|x86.Build.0 = Release|Win32
		{8BF8C6C7-9CBC-4E30-B0EC-EDEE973FFFFC}.Debug|x64.ActiveCfg = Debug|x64
		{8BF8C6C7-9CBC-4E30-B0EC-EDEE973FFFFC}.Debug|x64.Build.0 = Debug|x64
		{8BF8C6C7-9CBC-4E30-B0EC-EDEE973FFFFC}.Debug|x86.ActiveCfg = Debug|Win32
		{8BF8C6C7-9CBC-4E30-B0EC-EDEE973FFFFC}.Debug|x86.Build.0 = Debug|Win32
		{8BF8C6C7-9CBC-4E30-B0EC-EDEE973FFFFC}.Release|x64.ActiveCfg = Release|x64
		{8BF8C6C7-9CBC-4E30-B0EC-EDEE973FFFFC}.Release|x64.Build.0 = Release|x64
		{8BF8C6C7-9CBC-4E30-B0EC-EDEE973FFFFC}.Release|x86.ActiveCfg = Release|Win32
		{8BF8C6C7-9CBC-4E30-B0EC-EDEE973FFFFC}.Release|x86.Build.0 = Release|Win32
		{1F608935-4454-4777-9E8A-B1CE30700E02}.Debug|x64.ActiveCfg = Debug|x64
		{1F608935-4454-4777-9E8A-B1CE30700E02}.Debug|x64.Build.0 = Debug|x64
		{1F608935-4454-4777-9E8A-B1CE30700E02}.Debug|x86.ActiveCfg = Debug|Win32
		{1F608935-4454-4777-9E8A-B1CE30700E02}.Debug|x86.Build.0 = Debug|Win32
		{1F608935-4454-4777-9E8A-B1CE30700E02}.Release|x64.ActiveCfg = Release|x64
		{1F608935-4454-4777-9E8A-B1CE30700E02}.Release|x64.Build.0 = Release|x64
		{1F608935-4454-4777-9E8A-B1CE30700E02}.Release|x86.ActiveCfg = Release|Win32
		{1F608935-4454-4777-9E8A-B1CE30700E02}.Release|x86.Build.0 = Release|Win32
		{1CC4C3FD-0C76-4270-AA75-AA77D2EACD7E}.Debug|x64.ActiveCfg = Debug|x64
		{1CC4C3FD-0C76-4270-AA75-AA77D2EACD7E}.Debug|x64.Build.0 = Debug|x64
		{1CC4C3FD-0C76-4270-AA75-AA77D2EACD7E}.Debug|x86.ActiveCfg = Debug|Win32
		{1CC4C3FD-0C76-4270-AA75-AA77D2EACD7E}.Debug|x86.Build.0 = Debug|Win32
		{1CC4C3FD-0C76-4270-AA75-AA77D2EACD7E}.Release|x64.ActiveCfg = Release|x64
		{1CC4C3FD-0C76-4270-AA75-AA77D2EACD7E}.Release|x64.Build.0 = Release|x64
		{1CC4C3FD-0C76-4270-AA75-AA77D2EACD7E}.Release|x86.ActiveCfg = Release|Win32
		{1CC4C3FD-0C76-4270-AA75-AA77D2EACD7E}.Release|x86.Build.0 = Release|Win32
		{4781AE6A-363E-44A5-AA7E-81C8B3BF8540}.Debug|x64.ActiveCfg = Debug|x64
		{4781AE6A-363E-44A5-AA7E-81C8B3BF8540}.Debug|x64.Build.0 = Debug|x64
		{4781AE6A-363E-44A5-AA7E-81C8B3BF8540}.Debug|x86.ActiveCfg = Debug|Win32
		{4781AE6A-363E-44A5-AA7E-81C8B3BF8540}.Debug|x86.Build.0 = Debug|Win32
		{4781AE6A-363E-44A5-AA7E-81C8B3BF8540}.Release|x64.ActiveCfg = Release|x64
		{4781AE6A-363E-44A5-AA7E-81C8B3BF8540}.Release|x64.Build.0 = Release|x64
		{4781AE6A-363E-44A5-AA7E-81C8B3BF8540}.Release|x86.ActiveCfg = Release|Win32
		{4781AE6A-363E-44A5-AA7E-81C8B3BF8540}.Release|x86.Build.0 = Release|Win32
		{6F8414F1-09FD-4346-9719-11E9A7DD3CE5}.Debug|x64.ActiveCfg = Debug|x64
		{6F8414F1-09FD-4346-9719-11E9A7DD3CE5}.Debug|x64.Build.0 = Debug|x64
		{6F8414F1-09FD-4346-9719-11E9A7DD3CE5}.Debug|x86.ActiveCfg = Debug|Win32
		{6F8414F1-09FD-4346-9719-11E9A7DD3CE5}.Debug|x86.Build.0 = Debug|Win32
		{6F8414F1-09FD-4346-9719-11E9A7DD3CE5}.Release|x64.ActiveCfg = Release|x64
		{6F8414F1-09FD-4346-9719-11E9A7DD3CE5}.Release|x64.Build.0 = Release|x64
		{6F8414F1-09FD-4346-9719-11E9A7DD3CE5}.Release|x86.ActiveCfg = Release|Win32
		{6F8414F1-09FD-4346-9719-11E9A7DD3CE5}.Release|x86.Build.0 = Release|Win32
		{9D2421B6-BB64-4F5A-958F-46D06A0E2D4C}.Debug|x64.ActiveCfg = Debug|x64
		{9D2421B6-BB64-4F5A-958F-46D06A0E2D4C}.Debug|x64.Build.0 = Debug|x64
		{9D2421B6-BB64-4F5A-958F-46D06A0E2D4C}.Debug|x86.ActiveCfg = Debug|Win32
		{9D2421B6-BB64-4F5A-958F-46D06A0E2D4C}.Debug|x86.Build.0 = Debug|Win32
		{9D2421B6-BB64-4F5A-958F-46D06A0E2D4C}.Release|x64.ActiveCfg = Release|x64
		{9D2421B6-BB64-4F5A-958F-46D06A0E2D4C}.Release|x64.Build.0 = Release|x64
		{9D2421B6-BB64-4F5A-958F-46D06A0E2D4C}.Release|x86.ActiveCfg = Release|Win32
		{9D2421B6-BB64-4F5A-958F-46D06A0E2D4C}.Release|x86.Build.0 = Release|Win32
		{FC3D2243-F211-48B5-9D76-607A34E627C5}.Debug|x64.ActiveCfg = Debug|x64
		{FC3D2243-F211-48B5-9D76-607A34E627C5}.Debug|x64.Build.0 = Debug|x64
		{FC3D2243-F211-48B5-9D76-607A34E627C5}.Debug|x86.ActiveCfg = Debug|Win32
		{FC3D2243-F211-48B5-9D76-607A34E627C5}.Debug|x86.Build.0 = Debug|Win32
		{FC3D2243-F211-48B5-9D76-607A34E627C5}.Release|x64.ActiveCfg = Release|x64
		{FC3D2243-F211-48B5-9D76-607A34E627C5}.Release|x64.Build.0 = Release|x64
		{FC3D2243-F211-48B5-9D76-607A34E627C5}.Release|x86.ActiveCfg = Release|Win32
		{FC3D2243-F211-48B5-9D76-607A34E627C5}.Release|x86.Build.0 = Release|Win32
		{4D10B951-75E7-4D1E-8C27-F42FDBF489BF}.Debug|x64.ActiveCfg = Debug|x64
		{4D10B951-75E7-4D1E-8C27-F42FDBF489BF}.Debug|x64.Build.0 = Debug|x64
		{4D10B951-75E7-4D1E-8C27-F42FDBF489BF}.Debug|x86.ActiveCfg = Debug|Win32
		{4D10B951-75E7-4D1E-8C27-F42FDBF489BF}.Debug|x86.Build.0 = Debug|Win32
		{4D10B951-75E7-4D1E-8C27-F42FDBF489BF}.Release|x64.ActiveCfg = Release|x64
		{4D10B951-75E7-4D1E-8C27-F42FDBF489BF}.Release|x64.Build.0 = Release|x64
		{4D10B951-75E7-4D1E-8C27-F42FDBF489BF}.Release|x86.ActiveCfg = Release|Win32
		{4D10B951-75E7-4D1E-8C27-F42FDBF489BF}.Release|x86.Build.0 = Release|Win32
		{7F0955A1-5886-4521-8C47-369DD3709059}.Debug|x64.ActiveCfg = Debug|x64
		{7F0955A1-5886-4521-8C47-369DD3709059}.Debug|x64.Build.0 = Debug|x64
		{7F0955A1-5886-4521-8C47-369DD3709059}.Debug|x86.ActiveCfg = Debug|Win32
		{7F0955A1-5886-4521-8C47-369DD3709059}.Debug|x86.Build.0 = Debug|Win32
		{7F0955A1-5886-4521-8C47-369DD3709059}.Release|x64.ActiveCfg = Release|x64
		{7F0955A1-5886-4521-8C47-369DD3709059}.Release|x64.Build.0 = Release|x64
		{7F0955A1-5886-4521-8C47-369DD3709059}.Release|x86.ActiveCfg = Release|Win32
		{7F0955A1-5886-4521-8C47-369DD3709059}.Release|x86.Build.0 = Release|Win32
		{2B43A2C1-B3FE-4CB4-BC44-325391599173}.Debug|x64.ActiveCfg = Debug|x64
		{2B43A2C1-B3FE-4CB4-BC44-325391599173}.Debug|x64.Build.0 = Debug|x64
		{2B43A2C1-B3FE-4CB4-BC44-325391599173}.Debug|x86.ActiveCfg = Debug|Win32
		{2B43A2C1-B3FE-4CB4-BC44-325391599173}.Debug|x86.Build.0 = Debug|Win32
		{2B43A2C1-B3FE-4CB4-BC44-325391599173}.Release|x64.ActiveCfg = Release|x64
		{2B43A2C1-B3FE-4CB4-BC44-325391599173}.Release|x64.Build.0 = Release|x64
		{2B43A2C1-B3FE-4CB4-BC44-325391599173}.Release|x86.ActiveCfg = Release|Win32
		{2B43A2C1-B3FE-4CB4-BC44-325391599173}.Release|x86.Build.0 = Release|Win32
		{98DC9A37-9BAB-4966-83AB-5F1DD7459665}.Debug|x64.ActiveCfg = Debug|x64
		{98DC9A37-9BAB-4966-83AB-5F1DD7459665}.Debug|x64.Build.0 = Debug|x64
		{98DC9A37-9BAB-4966-83AB-5F1DD7459665}.Debug|x86.ActiveCfg = Debug|Win32
		{98DC9A37-9BAB-4966-83AB-5F1DD7459665}.Debug|x86.Build.0 = Debug|Win32
		{98DC9A37-9BAB-4966-83AB-5F1DD7459665}.Release|x64.ActiveCfg = Release|x64
		{98DC9A37-9BAB-4966-83AB-5F1DD7459665}.Release|x64.Build.0 = Release|x64
		{98DC9A37-9BAB-4966-83AB-5F1DD7459665}.Release|x86.ActiveCfg = Release|Win32
		{98DC9A37-9BAB-4966-83AB-5F1DD7459665}.Release|x86.Build.0 = Release|Win32
		{DE8A3775-F809-42EC-BB64-E0C04C7641A6}.Debug|x64.ActiveCfg = Debug|x64
		{DE8A3775-F809-42EC-BB64-E0C04C7641A6}.Debug|x64.Build.0 = Debug|x64
		{DE8A3775-F809-42EC-BB64-E0C04C7641A6}.Debug|x86.ActiveCfg = Debug|Win32
		{DE8A3775-F809-42EC-BB64-E0C04C7641A6}.Debug|x86.Build.0 = Debug|Win32
		{DE8A3775-F809-42EC-BB64-E0C04C7641A6}.Release|x64.ActiveCfg = Release|x64
		{DE8A3775-F809-42EC-BB64-E0C04C7641A6}.Release|x64.Build.0 = Release|x64
		{DE8A3775-F809-42EC-BB64-E0C04C7641A6}.Release|x86.ActiveCfg = Release|Win32
		{DE8A3775-F809-42EC-BB64-E0C04C7641A6}.Release|x86.Build.0 = Release|Win32
		{B9BB2D0B-CA33-4EA7-86F3-FE0C43C73F30}.Debug|x64.ActiveCfg = Debug|x64
		{B9BB2D0B-CA33-4EA7-86F3-FE0C43C73F30}.Debug|x64.Build.0 = Debug|x64
		{B9BB2D0B-CA33-4EA7-86F3-FE0C43C73F30}.Debug|x86.ActiveCfg = Debug|Win32
		{B9BB2D0B-CA33-4EA7-86F3-FE0C43C73F30}.Debug|x86.Build.0 = Debug|Win32
		{B9BB2D0B-CA33-4EA7-86F3-FE0C43C73F30}.Release|x64.ActiveCfg = Release|x64
		{B9BB2D0B-CA33-4EA7-86F3-FE0C43C73F30}.Release|x64.Build.0 = Release|x64
		{B9BB2D0B-CA33-4EA7-86F3-FE0C43C73F30}.Release|x86.ActiveCfg = Release|Win32
		{B9BB2D0B-CA33-4EA7-86F3-FE0C43C73F30}.Release|x86.Build.0 = Release|Win32
		{ECF3B3C3-C847-4E33-8A4D-946FE80A2150}.Debug|x64.ActiveCfg = Debug|x64
		{ECF3B3C3-C847-4E33-8A4D-946FE80A2150}.Debug|x64.Build.0 = Debug|x64
		{ECF3B3C3-C847-4E33-8A4D-946FE80A2150}.Debug|x86.ActiveCfg = Debug|Win32
		{ECF3B3C3-C847-4E33-8A4D-946FE80A2150}.Debug|x86.Build.0 = Debug|Win32
		{ECF3B3C3-C847-4E33-8A4D-946FE80A2150}.Release|x64.ActiveCfg = Release|x64
		{ECF3B3C3-C847-4E33-8A4D-946FE80A2150}.Release|x64.Build.0 = Release|x64
		{ECF3B3C3-C847-4E33-8A4D-946FE80A2150}.Release|x86.ActiveCfg = Release|Win32
		{ECF3B3C3-C847-4E33-8A4D-946FE80A2150}.Release|x86.Build.0 = Release|Win32
		{E301C4AE-BA18-4D1C-A16E-2360A72EBDC6}.Debug|x64.ActiveCfg = Debug|x64
		{E301C4AE-BA18-4D1C-A16E-2360A72EBDC6}.Debug|x64.Build.0 = Debug|x64
		{E301C4AE-BA18-4D1C-A16E-2360A72EBDC6}.Debug|x86.ActiveCfg = Debug|Win32
		{E301C4AE-BA18-4D1C-A16E-2360A72EBDC6}.Debug|x86.Build.0 = Debug|Win32
		{E301C4AE-BA18-4D1C-A16E-2360A72EBDC6}.Release|x64.ActiveCfg = Release|x64
		{E301C4AE-BA18-4D1C-A16E-2360A72EBDC6}.Release|x64.Build.0 = Release|x64
		{E301C4AE-BA18-4D1C-A16E-2360A72EBDC6}.Release|x86.ActiveCfg = Release|Win32
		{E301C4AE-BA18-4D1C-A16E-2360A72EBDC6}.Release|x86.Build.0 = Release|Win32
		{557F4523-6AC0-4965-BF73-3647BDD007F0}.Debug|x64.ActiveCfg = Debug|x64
		{557F4523-6AC0-4965-BF73-3647BDD007F0}.Debug|x64.Build.0 = Debug|x64
		{557F4523-6AC0-4965-BF73-3647BDD007F0}.Debug|x86.ActiveCfg = Debug|Win32
		{557F4523-6AC0-4965-BF73-3647BDD007F0}.Debug|x86.Build.0 = Debug|Win32
		{557F4523-6AC0-4965-BF73-3647BDD007F0}.Release|x64.ActiveCfg = Release|x64
		{557F4523-6AC0-4965-BF73-3647BDD007F0}.Release|x64.Build.0 = Release|x64
		{557F4523-6AC0-4965-BF73-3647BDD007F0}.Release|x86.ActiveCfg = Release|Win32
		{557F4523-6AC0-4965-BF73-3647BDD007F0}.Release|x86.Build.0 = Release|Win32
		{D29B7BE4-8EBD-4615-A8DB-902D5F9BC4A1}.Debug|x64.ActiveCfg = Debug|x64
		{D29B7BE4-8EBD-4615-A8DB-902D5F9BC4A1}.Debug|x64.Build.0 = Debug|x64
		{D29B7BE4-8EBD-4615-A8DB-902D5F9BC4A1}.Debug|x86.ActiveCfg = Debug|Win32
		{D29B7BE4-8EBD-4615-A8DB-902D5F9BC4A1}.Debug|x86.Build.0 = Debug|Win32
		{D29B7BE4-8EBD-4615-A8DB-902D5F9BC4A1}.Release|x64.ActiveCfg = Release|x64
		{D29B7BE4-8EBD-4615-A8DB-902D5F9BC4A1}.Release|x64.Build.0 = Release|x64
		{D29B7BE4-8EBD-4615-A8DB-902D5F9BC4A1}.Release|x86.ActiveCfg = Release|Win32
		{D29B7BE4-8EBD-4615-A8DB-902D5F9BC4A1}.Release|x86.Build.0 = Release|Win32
		{E8A10726-1877-4C29-B4C7-41058A959FCC}.Debug|x64.ActiveCfg = Debug|x64
		{E8A10726-1877-4C29-B4C7-41058A959FCC}.Debug|x64.Build.0 = Debug|x64
		{E8A10726-1877-4C29-B4C7-41058A959FCC}.Debug|x86.ActiveCfg = Debug|Win32
		{E8A10726-1877-4C29-B4C7-41058A959FCC}.Debug|x86.Build.0 = Debug|Win32
		{E8A10726-1877-4C29-B4C7-41058A959FCC}.Release|x64.ActiveCfg = Release|x64
		{E8A10726-1877-4C29-B4C7-41058A959FCC}.Release|x64.Build.0 = Release|x64
		{E8A10726-1877-4C29-B4C7-41058A959FCC}.Release|x86.ActiveCfg = Release|Win32
		{E8A10726-1877-4C29-B4C7-41058A959FCC}.Release|x86.Build.0 = Release|Win32
		{56451AF1-1AB9-462E-B378-57AEB2007DC4}.Debug|x64.ActiveCfg = Debug|x64
		{56451AF1-1AB9-462E-B378-57AEB2007DC4}.Debug|x64.Build.0 = Debug|x64
		{56451AF1-1AB9-462E-B378-57AEB2007DC4}.Debug|x86.ActiveCfg = Debug|Win32
		{56451AF1-1AB9-462E-B378-57AEB2007DC4}.Debug|x86.Build.0 = Debug|Win32
		{56451AF1-1AB9-462E-B378-57AEB2007DC4}.Release|x64.ActiveCfg = Release|x64
		{56451AF1-1AB9-462E-B378-57AEB2007DC4}.Release|x64.Build.0 = Release|x64
		{56451AF1-1AB9-462E-B378-57AEB2007DC4}.Release|x86.ActiveCfg = Release|Win32
		{56451AF1-1AB9-462E-B378-57AEB2007DC4}.Release|x86.Build.0 = Release|Win32
		{82B2C8C6-DCD2-463D-9ADC-D7899D36153B}.Debug|x64.ActiveCfg = Debug|x64
		{82B2C8C6-DCD2-463D-9ADC-D7899D36153B}.Debug|x64.Build.0 = Debug|x64
		{82B2C8C6-DCD2-463D-9ADC-D7899D36153B}.Debug|x86.ActiveCfg = Debug|Win32
		{82B2C8C6-DCD2-463D-9ADC-D7899D36153B}.Debug|x86.Build.0 = Debug|Win32
		{82B2C8C6-DCD2-463D-9ADC-D7899D36153B}.Release|x64.ActiveCfg = Release|x64
		{82B2C8C6-DCD2-463D-9ADC-D7899D36153B}.Release|x64.Build.0 = Release|x64
		{82B2C8C6-DCD2-463D-9ADC-D7899D36153B}.Release|x86.ActiveCfg = Release|Win32
		{82B2C8C6-DCD2-463D-9ADC-D7899D36153B}.Release|x86.Build.0 = Release|Win32
		{2CFCA6A6-761F-439B-BC8F-1B943DEF7316}.Debug|x64.ActiveCfg = Debug|x64
		{2CFCA6A6-761F-439B-BC8F-1B943DEF7316}.Debug|x64.Build.0 = Debug|x64
		{2CFCA6A6-761F-439B-BC8F-1B943DEF7316}.Debug|x86.ActiveCfg = Debug|Win32
		{2CFCA6A6-761F-439B-BC8F-1B943DEF7316}.Debug|x86.Build.0 = Debug|Win32
		{2CFCA6A6-761F-439B-BC8F-1B943DEF7316}.Release|x64.ActiveCfg = Release|x64
		{2CFCA6A6-761F-439B-BC8F-1B943DEF7316}.Release|x64.Build.0 = Release|x64
		{2CFCA6A6-761F-439B-BC8F-1B943DEF7316}.Release|x86.ActiveCfg = Release|Win32
		{2CFCA6A6-761F-439B-BC8F-1B943DEF7316}.Release|x86.Build.0 = Release|Win32
	EndGlobalSection
	GlobalSection(SolutionProperties) = preSolution
		HideSolutionNode = FALSE
	EndGlobalSection
	GlobalSection(NestedProjects) = preSolution
		{836B191B-3EDA-4046-BDB5-13173D1949EF} = {33D8738B-55A5-479E-B455-AFDC2A7ACB8D}
		{8EE30198-013A-4615-8AF5-F98CC048B2E7} = {33D8738B-55A5-479E-B455-AFDC2A7ACB8D}
		{C1B987B1-0BA3-48EE-8B0F-B7A66B66AE32} = {33D8738B-55A5-479E-B455-AFDC2A7ACB8D}
		{5ACEDDCB-8DA8-4584-A7C6-50D38B5423F5} = {33D8738B-55A5-479E-B455-AFDC2A7ACB8D}
		{09044F3C-8464-4421-B9C2-42582D538837} = {843F39B1-6355-413E-854C-A07B0493B991}
		{B290B8AD-EE8D-4D71-9286-B59F9D26369A} = {843F39B1-6355-413E-854C-A07B0493B991}
		{1A67151C-5870-4C07-B004-FE3F282E22FF} = {843F39B1-6355-413E-854C-A07B0493B991}
		{E9622E3E-3D96-40A2-A4EE-73A1C6737EB9} = {843F39B1-6355-413E-854C-A07B0493B991}
		{C1A6F6EC-381F-433F-A7AE-EB44727B08C1} = {843F39B1-6355-413E-854C-A07B0493B991}
		{88F6DA06-D207-4F56-AA24-7BD0140A9D22} = {843F39B1-6355-413E-854C-A07B0493B991}
		{8FDE6672-D80F-418D-8B9B-3810CF9922D2} = {843F39B1-6355-413E-854C-A07B0493B991}
		{8C959F38-C0B6-4677-AA8E-D53D8C7AEA44} = {843F39B1-6355-413E-854C-A07B0493B991}
		{A4625CA9-B42D-4DAA-A939-4C0F9B2C39EF} = {D9765CD3-32F6-4DED-BB11-5396E14D8400}
		{E3A109E7-7595-441D-80AE-E79206C20275} = {D9765CD3-32F6-4DED-BB11-5396E14D8400}
		{FF1D38A6-2AA7-4813-9638-79174AA471ED} = {EDB393B1-DED2-4563-9553-F3FF1323D2C4}
		{7EA2FCAC-AD01-42C8-BD0B-C5B789B319E2} = {EDB393B1-DED2-4563-9553-F3FF1323D2C4}
		{127FEA8F-490C-4C3F-8281-CED2AD5BF257} = {EDB393B1-DED2-4563-9553-F3FF1323D2C4}
		{DA87CCDA-8011-4321-84FC-06CAE51DE6D0} = {EDB393B1-DED2-4563-9553-F3FF1323D2C4}
		{3B3023CD-8D5A-48A9-AC56-B239612A5055} = {EDB393B1-DED2-4563-9553-F3FF1323D2C4}
		{8590BCF7-34BE-4E50-8A61-DD2E8215168A} = {5780E89F-7BD8-42A4-AAF8-1B9EBE4036C3}
		{7C473EFB-C9E0-4C5C-AC51-38A3A5FDEC17} = {5780E89F-7BD8-42A4-AAF8-1B9EBE4036C3}
		{FC8E10C5-65AB-4538-A073-D83BBDAFDA5C} = {6D6A2EE6-0E95-405F-8A75-EC6085AA8CB3}
		{099DB6EF-5C02-4221-AA3C-3F01AEC4FE2A} = {6D6A2EE6-0E95-405F-8A75-EC6085AA8CB3}
		{07E8C509-3225-4697-87AC-61ADE4E075AD} = {6D6A2EE6-0E95-405F-8A75-EC6085AA8CB3}
		{D0A5CE85-4CBC-4E27-AFF5-56D002A7E011} = {6D6A2EE6-0E95-405F-8A75-EC6085AA8CB3}
		{87ADD756-E8AC-4E5D-8D90-CF7D21C3B58D} = {C6FDACDA-19DC-403E-AD25-5D8B82700CBB}
		{8E4ACD09-BE5B-4D6E-9681-8DFC0F016312} = {F5AB0789-D0EC-4B68-9725-8421A5DBB326}
		{60DE08EB-A236-46C3-8534-0483069FC481} = {F5AB0789-D0EC-4B68-9725-8421A5DBB326}
		{1ACCDF01-96A8-4EA9-BAC8-70442C3B5EA6} = {F5AB0789-D0EC-4B68-9725-8421A5DBB326}
		{698A44CD-AC7A-4416-9A94-F6D664A422C7} = {F5AB0789-D0EC-4B68-9725-8421A5DBB326}
		{8FD86291-9D33-4238-9AAC-1D28B1E35A0A} = {31BAA501-7173-4CB1-922A-9B452EBB6A24}
		{9F2EC93B-78BE-4A9D-B6C1-BCFDBFE99889} = {31BAA501-7173-4CB1-922A-9B452EBB6A24}
		{8BF8C6C7-9CBC-4E30-B0EC-EDEE973FFFFC} = {31BAA501-7173-4CB1-922A-9B452EBB6A24}
		{1F608935-4454-4777-9E8A-B1CE30700E02} = {DC32BE2B-A0AB-469E-9A58-46354D0AEABB}
		{1CC4C3FD-0C76-4270-AA75-AA77D2EACD7E} = {DC32BE2B-A0AB-469E-9A58-46354D0AEABB}
		{4781AE6A-363E-44A5-AA7E-81C8B3BF8540} = {DC32BE2B-A0AB-469E-9A58-46354D0AEABB}
		{6F8414F1-09FD-4346-9719-11E9A7DD3CE5} = {DC32BE2B-A0AB-469E-9A58-46354D0AEABB}
		{9D2421B6-BB64-4F5A-958F-46D06A0E2D4C} = {DC32BE2B-A0AB-469E-9A58-46354D0AEABB}
		{FC3D2243-F211-48B5-9D76-607A34E627C5} = {DC32BE2B-A0AB-469E-9A58-46354D0AEABB}
		{4D10B951-75E7-4D1E-8C27-F42FDBF489BF} = {DC32BE2B-A0AB-469E-9A58-46354D0AEABB}
		{7F0955A1-5886-4521-8C47-369DD3709059} = {DC32BE2B-A0AB-469E-9A58-46354D0AEABB}
		{2B43A2C1-B3FE-4CB4-BC44-325391599173} = {DC32BE2B-A0AB-469E-9A58-46354D0AEABB}
		{98DC9A37-9BAB-4966-83AB-5F1DD7459665} = {DC32BE2B-A0AB-469E-9A58-46354D0AEABB}
		{DE8A3775-F809-42EC-BB64-E0C04C7641A6} = {DC32BE2B-A0AB-469E-9A58-46354D0AEABB}
		{B9BB2D0B-CA33-4EA7-86F3-FE0C43C73F30} = {DC32BE2B-A0AB-469E-9A58-46354D0AEABB}
		{ECF3B3C3-C847-4E33-8A4D-946FE80A2150} = {DC32BE2B-A0AB-469E-9A58-46354D0AEABB}
		{E301C4AE-BA18-4D1C-A16E-2360A72EBDC6} = {DC32BE2B-A0AB-469E-9A58-46354D0AEABB}
		{557F4523-6AC0-4965-BF73-3647BDD007F0} = {DC32BE2B-A0AB-469E-9A58-46354D0AEABB}
		{D29B7BE4-8EBD-4615-A8DB-902D5F9BC4A1} = {DC32BE2B-A0AB-469E-9A58-46354D0AEABB}
		{E8A10726-1877-4C29-B4C7-41058A959FCC} = {6596E432-2C58-4224-88BA-D2DA1F9759B5}
	EndGlobalSection
	GlobalSection(ExtensibilityGlobals) = postSolution
		SolutionGuid = {BC7BE9BC-6F53-47FC-B0F2-EEBE2E40AE39}
	EndGlobalSection
EndGlobal
